// !$*UTF8*$!
{
	archiveVersion = 1;
	classes = {
	};
	objectVersion = 46;
	objects = {

/* Begin PBXBuildFile section */
		2998ED7B17E62B0900C791C6 /* Foundation.framework in Frameworks */ = {isa = PBXBuildFile; fileRef = 2998ED7A17E62B0900C791C6 /* Foundation.framework */; };
		2998ED7D17E62B0900C791C6 /* CoreGraphics.framework in Frameworks */ = {isa = PBXBuildFile; fileRef = 2998ED7C17E62B0900C791C6 /* CoreGraphics.framework */; };
		2998ED7F17E62B0900C791C6 /* UIKit.framework in Frameworks */ = {isa = PBXBuildFile; fileRef = 2998ED7E17E62B0900C791C6 /* UIKit.framework */; };
		2998ED8517E62B0900C791C6 /* InfoPlist.strings in Resources */ = {isa = PBXBuildFile; fileRef = 2998ED8317E62B0900C791C6 /* InfoPlist.strings */; };
		2998ED8717E62B0900C791C6 /* main.m in Sources */ = {isa = PBXBuildFile; fileRef = 2998ED8617E62B0900C791C6 /* main.m */; };
		2998ED8B17E62B0900C791C6 /* AppDelegate.m in Sources */ = {isa = PBXBuildFile; fileRef = 2998ED8A17E62B0900C791C6 /* AppDelegate.m */; };
		2998ED8D17E62B0900C791C6 /* Images.xcassets in Resources */ = {isa = PBXBuildFile; fileRef = 2998ED8C17E62B0900C791C6 /* Images.xcassets */; };
		29B007BA17E62B5700B11FFC /* ViewController.m in Sources */ = {isa = PBXBuildFile; fileRef = 29B007B917E62B5700B11FFC /* ViewController.m */; };
		29D13B581803FA7F008B0CF1 /* ProgressHUD.bundle in Resources */ = {isa = PBXBuildFile; fileRef = 29D13B551803FA7F008B0CF1 /* ProgressHUD.bundle */; };
		29D13B591803FA7F008B0CF1 /* ProgressHUD.m in Sources */ = {isa = PBXBuildFile; fileRef = 29D13B571803FA7F008B0CF1 /* ProgressHUD.m */; };
/* End PBXBuildFile section */

/* Begin PBXFileReference section */
		2998ED7717E62B0900C791C6 /* app.app */ = {isa = PBXFileReference; explicitFileType = wrapper.application; includeInIndex = 0; path = app.app; sourceTree = BUILT_PRODUCTS_DIR; };
		2998ED7A17E62B0900C791C6 /* Foundation.framework */ = {isa = PBXFileReference; lastKnownFileType = wrapper.framework; name = Foundation.framework; path = System/Library/Frameworks/Foundation.framework; sourceTree = SDKROOT; };
		2998ED7C17E62B0900C791C6 /* CoreGraphics.framework */ = {isa = PBXFileReference; lastKnownFileType = wrapper.framework; name = CoreGraphics.framework; path = System/Library/Frameworks/CoreGraphics.framework; sourceTree = SDKROOT; };
		2998ED7E17E62B0900C791C6 /* UIKit.framework */ = {isa = PBXFileReference; lastKnownFileType = wrapper.framework; name = UIKit.framework; path = System/Library/Frameworks/UIKit.framework; sourceTree = SDKROOT; };
		2998ED8217E62B0900C791C6 /* app-Info.plist */ = {isa = PBXFileReference; lastKnownFileType = text.plist.xml; path = "app-Info.plist"; sourceTree = "<group>"; };
		2998ED8417E62B0900C791C6 /* en */ = {isa = PBXFileReference; lastKnownFileType = text.plist.strings; name = en; path = en.lproj/InfoPlist.strings; sourceTree = "<group>"; };
		2998ED8617E62B0900C791C6 /* main.m */ = {isa = PBXFileReference; lastKnownFileType = sourcecode.c.objc; path = main.m; sourceTree = "<group>"; };
		2998ED8817E62B0900C791C6 /* app-Prefix.pch */ = {isa = PBXFileReference; lastKnownFileType = sourcecode.c.h; path = "app-Prefix.pch"; sourceTree = "<group>"; };
		2998ED8917E62B0900C791C6 /* AppDelegate.h */ = {isa = PBXFileReference; lastKnownFileType = sourcecode.c.h; path = AppDelegate.h; sourceTree = "<group>"; };
		2998ED8A17E62B0900C791C6 /* AppDelegate.m */ = {isa = PBXFileReference; lastKnownFileType = sourcecode.c.objc; path = AppDelegate.m; sourceTree = "<group>"; };
		2998ED8C17E62B0900C791C6 /* Images.xcassets */ = {isa = PBXFileReference; lastKnownFileType = folder.assetcatalog; path = Images.xcassets; sourceTree = "<group>"; };
		29B007B817E62B5700B11FFC /* ViewController.h */ = {isa = PBXFileReference; fileEncoding = 4; lastKnownFileType = sourcecode.c.h; path = ViewController.h; sourceTree = "<group>"; };
		29B007B917E62B5700B11FFC /* ViewController.m */ = {isa = PBXFileReference; fileEncoding = 4; lastKnownFileType = sourcecode.c.objc; path = ViewController.m; sourceTree = "<group>"; };
		29D13B551803FA7F008B0CF1 /* ProgressHUD.bundle */ = {isa = PBXFileReference; lastKnownFileType = "wrapper.plug-in"; path = ProgressHUD.bundle; sourceTree = "<group>"; };
		29D13B561803FA7F008B0CF1 /* ProgressHUD.h */ = {isa = PBXFileReference; fileEncoding = 4; lastKnownFileType = sourcecode.c.h; path = ProgressHUD.h; sourceTree = "<group>"; };
		29D13B571803FA7F008B0CF1 /* ProgressHUD.m */ = {isa = PBXFileReference; fileEncoding = 4; lastKnownFileType = sourcecode.c.objc; path = ProgressHUD.m; sourceTree = "<group>"; };
/* End PBXFileReference section */

/* Begin PBXFrameworksBuildPhase section */
		2998ED7417E62B0900C791C6 /* Frameworks */ = {
			isa = PBXFrameworksBuildPhase;
			buildActionMask = 2147483647;
			files = (
				2998ED7D17E62B0900C791C6 /* CoreGraphics.framework in Frameworks */,
				2998ED7F17E62B0900C791C6 /* UIKit.framework in Frameworks */,
				2998ED7B17E62B0900C791C6 /* Foundation.framework in Frameworks */,
			);
			runOnlyForDeploymentPostprocessing = 0;
		};
/* End PBXFrameworksBuildPhase section */

/* Begin PBXGroup section */
		2998ED6E17E62B0900C791C6 = {
			isa = PBXGroup;
			children = (
				29D13B541803FA7F008B0CF1 /* ProgressHUD */,
				2998ED8017E62B0900C791C6 /* app */,
				2998ED7917E62B0900C791C6 /* Frameworks */,
				2998ED7817E62B0900C791C6 /* Products */,
			);
			sourceTree = "<group>";
		};
		2998ED7817E62B0900C791C6 /* Products */ = {
			isa = PBXGroup;
			children = (
				2998ED7717E62B0900C791C6 /* app.app */,
			);
			name = Products;
			sourceTree = "<group>";
		};
		2998ED7917E62B0900C791C6 /* Frameworks */ = {
			isa = PBXGroup;
			children = (
				2998ED7A17E62B0900C791C6 /* Foundation.framework */,
				2998ED7C17E62B0900C791C6 /* CoreGraphics.framework */,
				2998ED7E17E62B0900C791C6 /* UIKit.framework */,
			);
			name = Frameworks;
			sourceTree = "<group>";
		};
		2998ED8017E62B0900C791C6 /* app */ = {
			isa = PBXGroup;
			children = (
				29B007B817E62B5700B11FFC /* ViewController.h */,
				29B007B917E62B5700B11FFC /* ViewController.m */,
				2998ED8917E62B0900C791C6 /* AppDelegate.h */,
				2998ED8A17E62B0900C791C6 /* AppDelegate.m */,
				2998ED8C17E62B0900C791C6 /* Images.xcassets */,
				2998ED8117E62B0900C791C6 /* Supporting Files */,
			);
			path = app;
			sourceTree = "<group>";
		};
		2998ED8117E62B0900C791C6 /* Supporting Files */ = {
			isa = PBXGroup;
			children = (
				2998ED8217E62B0900C791C6 /* app-Info.plist */,
				2998ED8317E62B0900C791C6 /* InfoPlist.strings */,
				2998ED8617E62B0900C791C6 /* main.m */,
				2998ED8817E62B0900C791C6 /* app-Prefix.pch */,
			);
			name = "Supporting Files";
			sourceTree = "<group>";
		};
		29D13B541803FA7F008B0CF1 /* ProgressHUD */ = {
			isa = PBXGroup;
			children = (
				29D13B551803FA7F008B0CF1 /* ProgressHUD.bundle */,
				29D13B561803FA7F008B0CF1 /* ProgressHUD.h */,
				29D13B571803FA7F008B0CF1 /* ProgressHUD.m */,
			);
			path = ProgressHUD;
			sourceTree = "<group>";
		};
/* End PBXGroup section */

/* Begin PBXNativeTarget section */
		2998ED7617E62B0900C791C6 /* app */ = {
			isa = PBXNativeTarget;
			buildConfigurationList = 2998EDA317E62B0900C791C6 /* Build configuration list for PBXNativeTarget "app" */;
			buildPhases = (
				2998ED7317E62B0900C791C6 /* Sources */,
				2998ED7417E62B0900C791C6 /* Frameworks */,
				2998ED7517E62B0900C791C6 /* Resources */,
			);
			buildRules = (
			);
			dependencies = (
			);
			name = app;
			productName = app;
			productReference = 2998ED7717E62B0900C791C6 /* app.app */;
			productType = "com.apple.product-type.application";
		};
/* End PBXNativeTarget section */

/* Begin PBXProject section */
		2998ED6F17E62B0900C791C6 /* Project object */ = {
			isa = PBXProject;
			attributes = {
				LastUpgradeCheck = 0510;
				ORGANIZATIONNAME = "Related Code";
			};
			buildConfigurationList = 2998ED7217E62B0900C791C6 /* Build configuration list for PBXProject "app" */;
			compatibilityVersion = "Xcode 3.2";
			developmentRegion = English;
			hasScannedForEncodings = 0;
			knownRegions = (
				en,
			);
			mainGroup = 2998ED6E17E62B0900C791C6;
			productRefGroup = 2998ED7817E62B0900C791C6 /* Products */;
			projectDirPath = "";
			projectRoot = "";
			targets = (
				2998ED7617E62B0900C791C6 /* app */,
			);
		};
/* End PBXProject section */

/* Begin PBXResourcesBuildPhase section */
		2998ED7517E62B0900C791C6 /* Resources */ = {
			isa = PBXResourcesBuildPhase;
			buildActionMask = 2147483647;
			files = (
				2998ED8517E62B0900C791C6 /* InfoPlist.strings in Resources */,
				2998ED8D17E62B0900C791C6 /* Images.xcassets in Resources */,
				29D13B581803FA7F008B0CF1 /* ProgressHUD.bundle in Resources */,
			);
			runOnlyForDeploymentPostprocessing = 0;
		};
/* End PBXResourcesBuildPhase section */

/* Begin PBXSourcesBuildPhase section */
		2998ED7317E62B0900C791C6 /* Sources */ = {
			isa = PBXSourcesBuildPhase;
			buildActionMask = 2147483647;
			files = (
				29B007BA17E62B5700B11FFC /* ViewController.m in Sources */,
				2998ED8B17E62B0900C791C6 /* AppDelegate.m in Sources */,
				29D13B591803FA7F008B0CF1 /* ProgressHUD.m in Sources */,
				2998ED8717E62B0900C791C6 /* main.m in Sources */,
			);
			runOnlyForDeploymentPostprocessing = 0;
		};
/* End PBXSourcesBuildPhase section */

/* Begin PBXVariantGroup section */
		2998ED8317E62B0900C791C6 /* InfoPlist.strings */ = {
			isa = PBXVariantGroup;
			children = (
				2998ED8417E62B0900C791C6 /* en */,
			);
			name = InfoPlist.strings;
			sourceTree = "<group>";
		};
/* End PBXVariantGroup section */

/* Begin XCBuildConfiguration section */
		2998EDA117E62B0900C791C6 /* Debug */ = {
			isa = XCBuildConfiguration;
			buildSettings = {
				ALWAYS_SEARCH_USER_PATHS = NO;
				CLANG_CXX_LANGUAGE_STANDARD = "gnu++0x";
				CLANG_CXX_LIBRARY = "libc++";
				CLANG_ENABLE_MODULES = YES;
				CLANG_ENABLE_OBJC_ARC = YES;
				CLANG_WARN_BOOL_CONVERSION = YES;
				CLANG_WARN_CONSTANT_CONVERSION = YES;
				CLANG_WARN_DIRECT_OBJC_ISA_USAGE = YES_ERROR;
				CLANG_WARN_EMPTY_BODY = YES;
				CLANG_WARN_ENUM_CONVERSION = YES;
				CLANG_WARN_INT_CONVERSION = YES;
				CLANG_WARN_OBJC_ROOT_CLASS = YES_ERROR;
				CLANG_WARN__DUPLICATE_METHOD_MATCH = YES;
				"CODE_SIGN_IDENTITY[sdk=iphoneos*]" = "iPhone Developer";
				COPY_PHASE_STRIP = NO;
				GCC_C_LANGUAGE_STANDARD = gnu99;
				GCC_DYNAMIC_NO_PIC = NO;
				GCC_OPTIMIZATION_LEVEL = 0;
				GCC_PREPROCESSOR_DEFINITIONS = (
					"DEBUG=1",
					"$(inherited)",
				);
				GCC_SYMBOLS_PRIVATE_EXTERN = NO;
				GCC_WARN_64_TO_32_BIT_CONVERSION = YES;
				GCC_WARN_ABOUT_RETURN_TYPE = YES_ERROR;
				GCC_WARN_UNDECLARED_SELECTOR = YES;
				GCC_WARN_UNINITIALIZED_AUTOS = YES;
				GCC_WARN_UNUSED_FUNCTION = YES;
				GCC_WARN_UNUSED_VARIABLE = YES;
				IPHONEOS_DEPLOYMENT_TARGET = 7.0;
				ONLY_ACTIVE_ARCH = YES;
				SDKROOT = iphoneos;
			};
			name = Debug;
		};
		2998EDA217E62B0900C791C6 /* Release */ = {
			isa = XCBuildConfiguration;
			buildSettings = {
				ALWAYS_SEARCH_USER_PATHS = NO;
				CLANG_CXX_LANGUAGE_STANDARD = "gnu++0x";
				CLANG_CXX_LIBRARY = "libc++";
				CLANG_ENABLE_MODULES = YES;
				CLANG_ENABLE_OBJC_ARC = YES;
				CLANG_WARN_BOOL_CONVERSION = YES;
				CLANG_WARN_CONSTANT_CONVERSION = YES;
				CLANG_WARN_DIRECT_OBJC_ISA_USAGE = YES_ERROR;
				CLANG_WARN_EMPTY_BODY = YES;
				CLANG_WARN_ENUM_CONVERSION = YES;
				CLANG_WARN_INT_CONVERSION = YES;
				CLANG_WARN_OBJC_ROOT_CLASS = YES_ERROR;
				CLANG_WARN__DUPLICATE_METHOD_MATCH = YES;
				"CODE_SIGN_IDENTITY[sdk=iphoneos*]" = "iPhone Developer";
				COPY_PHASE_STRIP = YES;
				ENABLE_NS_ASSERTIONS = NO;
				GCC_C_LANGUAGE_STANDARD = gnu99;
				GCC_WARN_64_TO_32_BIT_CONVERSION = YES;
				GCC_WARN_ABOUT_RETURN_TYPE = YES_ERROR;
				GCC_WARN_UNDECLARED_SELECTOR = YES;
				GCC_WARN_UNINITIALIZED_AUTOS = YES;
				GCC_WARN_UNUSED_FUNCTION = YES;
				GCC_WARN_UNUSED_VARIABLE = YES;
				IPHONEOS_DEPLOYMENT_TARGET = 7.0;
				SDKROOT = iphoneos;
				VALIDATE_PRODUCT = YES;
			};
			name = Release;
		};
		2998EDA417E62B0900C791C6 /* Debug */ = {
			isa = XCBuildConfiguration;
			buildSettings = {
				ASSETCATALOG_COMPILER_APPICON_NAME = AppIcon;
				ASSETCATALOG_COMPILER_LAUNCHIMAGE_NAME = LaunchImage;
				GCC_PRECOMPILE_PREFIX_HEADER = YES;
				GCC_PREFIX_HEADER = "app/app-Prefix.pch";
				INFOPLIST_FILE = "app/app-Info.plist";
				IPHONEOS_DEPLOYMENT_TARGET = 7.0;
				PRODUCT_NAME = "$(TARGET_NAME)";
				WRAPPER_EXTENSION = app;
			};
			name = Debug;
		};
		2998EDA517E62B0900C791C6 /* Release */ = {
			isa = XCBuildConfiguration;
			buildSettings = {
				ASSETCATALOG_COMPILER_APPICON_NAME = AppIcon;
				ASSETCATALOG_COMPILER_LAUNCHIMAGE_NAME = LaunchImage;
				GCC_PRECOMPILE_PREFIX_HEADER = YES;
				GCC_PREFIX_HEADER = "app/app-Prefix.pch";
				INFOPLIST_FILE = "app/app-Info.plist";
				IPHONEOS_DEPLOYMENT_TARGET = 7.0;
				PRODUCT_NAME = "$(TARGET_NAME)";
				WRAPPER_EXTENSION = app;
			};
			name = Release;
		};
/* End XCBuildConfiguration section */

/* Begin XCConfigurationList section */
		2998ED7217E62B0900C791C6 /* Build configuration list for PBXProject "app" */ = {
			isa = XCConfigurationList;
			buildConfigurations = (
				2998EDA117E62B0900C791C6 /* Debug */,
				2998EDA217E62B0900C791C6 /* Release */,
			);
			defaultConfigurationIsVisible = 0;
			defaultConfigurationName = Release;
		};
		2998EDA317E62B0900C791C6 /* Build configuration list for PBXNativeTarget "app" */ = {
			isa = XCConfigurationList;
			buildConfigurations = (
				2998EDA417E62B0900C791C6 /* Debug */,
				2998EDA517E62B0900C791C6 /* Release */,
			);
			defaultConfigurationIsVisible = 0;
			defaultConfigurationName = Release;
		};
/* End XCConfigurationList section */
	};
	rootObject = 2998ED6F17E62B0900C791C6 /* Project object */;
}
